
Microsoft Visual Studio Solution File, Format Version 12.00
# Visual Studio Version 17
VisualStudioVersion = 17.11.35208.52
MinimumVisualStudioVersion = 10.0.40219.1
Project("{9A19103F-16F7-4668-BE54-9A1E7A4F7556}") = "TrustVotingCLI", "TrustVotingCLI\TrustVotingCLI.csproj", "{5083A9D0-DE6C-4CDB-863C-32DEA2E2142E}"
EndProject
Project("{9A19103F-16F7-4668-BE54-9A1E7A4F7556}") = "TrustedVoteLibrary", "TrustedVoteLibrary\TrustedVoteLibrary.csproj", "{73FAAF23-E701-43EC-9BBE-FB3A2197A027}"
EndProject
Project("{9A19103F-16F7-4668-BE54-9A1E7A4F7556}") = "TrustedVotingLibraryTest", "TrustedVotingLibraryTest\TrustedVotingLibraryTest.csproj", "{ADAA4C71-8B3D-4031-8194-FF84CBDE3FA2}"
EndProject
Project("{2150E333-8FDC-42A3-9474-1A3956D46DE8}") = "Solution Items", "Solution Items", "{DE2A6CCB-356B-4421-B029-F12B9D513FE7}"
	ProjectSection(SolutionItems) = preProject
		docker-compose.yml = docker-compose.yml
	EndProjectSection
EndProject
Project("{FAE04EC0-301F-11D3-BF4B-00C04F79EFBC}") = "ElectionAuthorityService", "ElectionAuthorityService\ElectionAuthorityService.csproj", "{EEA8CA14-D342-4FC6-80FE-0837B7A31025}"
EndProject
Project("{FAE04EC0-301F-11D3-BF4B-00C04F79EFBC}") = "VoterRegistrarServer", "VoterRegistrarServer\VoterRegistrarServer.csproj", "{914ADDCB-7F30-44F8-8994-104CDAFED8A9}"
EndProject
Project("{FAE04EC0-301F-11D3-BF4B-00C04F79EFBC}") = "BallotCertificateServer", "BallotCertificateServer\BallotCertificateServer.csproj", "{A002EEB3-203D-468A-A87E-694D38F96148}"
EndProject
Project("{FAE04EC0-301F-11D3-BF4B-00C04F79EFBC}") = "EBallotServer", "EBallotServer\EBallotServer.csproj", "{33640932-631D-4DFA-9DAD-E63780C3F9C9}"
EndProject
Project("{FAE04EC0-301F-11D3-BF4B-00C04F79EFBC}") = "DatabaseService", "DatabaseService\DatabaseService.csproj", "{5CCFE63F-9FC7-47B8-BFCB-0421F5ADEC1A}"
EndProject
Project("{FAE04EC0-301F-11D3-BF4B-00C04F79EFBC}") = "VoterCertificateServer", "VoterCertificateServer\VoterCertificateServer.csproj", "{1F185788-E3C9-4482-A684-C83319AE7916}"
EndProject
Project("{FAE04EC0-301F-11D3-BF4B-00C04F79EFBC}") = "TrustedVotingNatsLibrary", "TrustedVotingNatsLibrary\TrustedVotingNatsLibrary.csproj", "{A0CC5EEF-6C21-480C-A8B2-F3F989EF0082}"
EndProject
Project("{FAE04EC0-301F-11D3-BF4B-00C04F79EFBC}") = "SandboxNATS", "SandboxNATS\SandboxNATS.csproj", "{AE69A785-0FDB-4247-9C58-48F4298B5B6B}"
EndProject
Global
	GlobalSection(SolutionConfigurationPlatforms) = preSolution
		Debug|Any CPU = Debug|Any CPU
		Release|Any CPU = Release|Any CPU
	EndGlobalSection
	GlobalSection(ProjectConfigurationPlatforms) = postSolution
		{5083A9D0-DE6C-4CDB-863C-32DEA2E2142E}.Debug|Any CPU.ActiveCfg = Debug|Any CPU
		{5083A9D0-DE6C-4CDB-863C-32DEA2E2142E}.Debug|Any CPU.Build.0 = Debug|Any CPU
		{5083A9D0-DE6C-4CDB-863C-32DEA2E2142E}.Release|Any CPU.ActiveCfg = Release|Any CPU
		{5083A9D0-DE6C-4CDB-863C-32DEA2E2142E}.Release|Any CPU.Build.0 = Release|Any CPU
		{73FAAF23-E701-43EC-9BBE-FB3A2197A027}.Debug|Any CPU.ActiveCfg = Debug|Any CPU
		{73FAAF23-E701-43EC-9BBE-FB3A2197A027}.Debug|Any CPU.Build.0 = Debug|Any CPU
		{73FAAF23-E701-43EC-9BBE-FB3A2197A027}.Release|Any CPU.ActiveCfg = Release|Any CPU
		{73FAAF23-E701-43EC-9BBE-FB3A2197A027}.Release|Any CPU.Build.0 = Release|Any CPU
		{ADAA4C71-8B3D-4031-8194-FF84CBDE3FA2}.Debug|Any CPU.ActiveCfg = Debug|Any CPU
		{ADAA4C71-8B3D-4031-8194-FF84CBDE3FA2}.Debug|Any CPU.Build.0 = Debug|Any CPU
		{ADAA4C71-8B3D-4031-8194-FF84CBDE3FA2}.Release|Any CPU.ActiveCfg = Release|Any CPU
		{ADAA4C71-8B3D-4031-8194-FF84CBDE3FA2}.Release|Any CPU.Build.0 = Release|Any CPU
		{EEA8CA14-D342-4FC6-80FE-0837B7A31025}.Debug|Any CPU.ActiveCfg = Debug|Any CPU
		{EEA8CA14-D342-4FC6-80FE-0837B7A31025}.Debug|Any CPU.Build.0 = Debug|Any CPU
		{EEA8CA14-D342-4FC6-80FE-0837B7A31025}.Release|Any CPU.ActiveCfg = Release|Any CPU
		{EEA8CA14-D342-4FC6-80FE-0837B7A31025}.Release|Any CPU.Build.0 = Release|Any CPU
		{914ADDCB-7F30-44F8-8994-104CDAFED8A9}.Debug|Any CPU.ActiveCfg = Debug|Any CPU
		{914ADDCB-7F30-44F8-8994-104CDAFED8A9}.Debug|Any CPU.Build.0 = Debug|Any CPU
		{914ADDCB-7F30-44F8-8994-104CDAFED8A9}.Release|Any CPU.ActiveCfg = Release|Any CPU
		{914ADDCB-7F30-44F8-8994-104CDAFED8A9}.Release|Any CPU.Build.0 = Release|Any CPU
		{A002EEB3-203D-468A-A87E-694D38F96148}.Debug|Any CPU.ActiveCfg = Debug|Any CPU
		{A002EEB3-203D-468A-A87E-694D38F96148}.Debug|Any CPU.Build.0 = Debug|Any CPU
		{A002EEB3-203D-468A-A87E-694D38F96148}.Release|Any CPU.ActiveCfg = Release|Any CPU
		{A002EEB3-203D-468A-A87E-694D38F96148}.Release|Any CPU.Build.0 = Release|Any CPU
		{33640932-631D-4DFA-9DAD-E63780C3F9C9}.Debug|Any CPU.ActiveCfg = Debug|Any CPU
		{33640932-631D-4DFA-9DAD-E63780C3F9C9}.Debug|Any CPU.Build.0 = Debug|Any CPU
		{33640932-631D-4DFA-9DAD-E63780C3F9C9}.Release|Any CPU.ActiveCfg = Release|Any CPU
		{33640932-631D-4DFA-9DAD-E63780C3F9C9}.Release|Any CPU.Build.0 = Release|Any CPU
		{5CCFE63F-9FC7-47B8-BFCB-0421F5ADEC1A}.Debug|Any CPU.ActiveCfg = Debug|Any CPU
		{5CCFE63F-9FC7-47B8-BFCB-0421F5ADEC1A}.Debug|Any CPU.Build.0 = Debug|Any CPU
		{5CCFE63F-9FC7-47B8-BFCB-0421F5ADEC1A}.Release|Any CPU.ActiveCfg = Release|Any CPU
		{5CCFE63F-9FC7-47B8-BFCB-0421F5ADEC1A}.Release|Any CPU.Build.0 = Release|Any CPU
		{1F185788-E3C9-4482-A684-C83319AE7916}.Debug|Any CPU.ActiveCfg = Debug|Any CPU
		{1F185788-E3C9-4482-A684-C83319AE7916}.Debug|Any CPU.Build.0 = Debug|Any CPU
		{1F185788-E3C9-4482-A684-C83319AE7916}.Release|Any CPU.ActiveCfg = Release|Any CPU
		{1F185788-E3C9-4482-A684-C83319AE7916}.Release|Any CPU.Build.0 = Release|Any CPU
		{A0CC5EEF-6C21-480C-A8B2-F3F989EF0082}.Debug|Any CPU.ActiveCfg = Debug|Any CPU
		{A0CC5EEF-6C21-480C-A8B2-F3F989EF0082}.Debug|Any CPU.Build.0 = Debug|Any CPU
		{A0CC5EEF-6C21-480C-A8B2-F3F989EF0082}.Release|Any CPU.ActiveCfg = Release|Any CPU
		{A0CC5EEF-6C21-480C-A8B2-F3F989EF0082}.Release|Any CPU.Build.0 = Release|Any CPU
		{AE69A785-0FDB-4247-9C58-48F4298B5B6B}.Debug|Any CPU.ActiveCfg = Debug|Any CPU
		{AE69A785-0FDB-4247-9C58-48F4298B5B6B}.Debug|Any CPU.Build.0 = Debug|Any CPU
		{AE69A785-0FDB-4247-9C58-48F4298B5B6B}.Release|Any CPU.ActiveCfg = Release|Any CPU
		{AE69A785-0FDB-4247-9C58-48F4298B5B6B}.Release|Any CPU.Build.0 = Release|Any CPU
	EndGlobalSection
	GlobalSection(SolutionProperties) = preSolution
		HideSolutionNode = FALSE
	EndGlobalSection
	GlobalSection(ExtensibilityGlobals) = postSolution
		SolutionGuid = {127B718B-D520-4D97-AAAF-0F7C345CD61A}
	EndGlobalSection
EndGlobal
